
Microsoft Visual Studio Solution File, Format Version 12.00
Project("{FAE04EC0-301F-11D3-BF4B-00C04F79EFBC}") = "Core", "Core\Core.csproj", "{AE0DA93C-0750-4AB9-81FB-7DA1DE8EE567}"
EndProject
Project("{FAE04EC0-301F-11D3-BF4B-00C04F79EFBC}") = "Core.Tests", "Core.Tests\Core.Tests.csproj", "{4F076835-3538-4953-ACFF-E379A742748E}"
EndProject
Project("{FAE04EC0-301F-11D3-BF4B-00C04F79EFBC}") = "Godot", "Godot\Godot.csproj", "{C1B62930-19C7-4252-AD6B-BECB7386060D}"
EndProject
Project("{FAE04EC0-301F-11D3-BF4B-00C04F79EFBC}") = "Godot.Tests", "Godot.Tests\Godot.Tests.csproj", "{0BC2291F-593A-4121-A224-FBC5701E0327}"
EndProject
Global
	GlobalSection(SolutionConfigurationPlatforms) = preSolution
		Debug|Any CPU = Debug|Any CPU
		Release|Any CPU = Release|Any CPU
	EndGlobalSection
	GlobalSection(ProjectConfigurationPlatforms) = postSolution
		{AE0DA93C-0750-4AB9-81FB-7DA1DE8EE567}.Debug|Any CPU.ActiveCfg = Debug|Any CPU
		{AE0DA93C-0750-4AB9-81FB-7DA1DE8EE567}.Debug|Any CPU.Build.0 = Debug|Any CPU
		{AE0DA93C-0750-4AB9-81FB-7DA1DE8EE567}.Release|Any CPU.ActiveCfg = Release|Any CPU
		{AE0DA93C-0750-4AB9-81FB-7DA1DE8EE567}.Release|Any CPU.Build.0 = Release|Any CPU
		{4F076835-3538-4953-ACFF-E379A742748E}.Debug|Any CPU.ActiveCfg = Debug|Any CPU
		{4F076835-3538-4953-ACFF-E379A742748E}.Debug|Any CPU.Build.0 = Debug|Any CPU
		{4F076835-3538-4953-ACFF-E379A742748E}.Release|Any CPU.ActiveCfg = Release|Any CPU
		{4F076835-3538-4953-ACFF-E379A742748E}.Release|Any CPU.Build.0 = Release|Any CPU
		{C1B62930-19C7-4252-AD6B-BECB7386060D}.Debug|Any CPU.ActiveCfg = Debug|Any CPU
		{C1B62930-19C7-4252-AD6B-BECB7386060D}.Debug|Any CPU.Build.0 = Debug|Any CPU
		{C1B62930-19C7-4252-AD6B-BECB7386060D}.Release|Any CPU.ActiveCfg = Release|Any CPU
		{C1B62930-19C7-4252-AD6B-BECB7386060D}.Release|Any CPU.Build.0 = Release|Any CPU
		{0BC2291F-593A-4121-A224-FBC5701E0327}.Debug|Any CPU.ActiveCfg = Debug|Any CPU
		{0BC2291F-593A-4121-A224-FBC5701E0327}.Debug|Any CPU.Build.0 = Debug|Any CPU
		{0BC2291F-593A-4121-A224-FBC5701E0327}.Release|Any CPU.ActiveCfg = Release|Any CPU
		{0BC2291F-593A-4121-A224-FBC5701E0327}.Release|Any CPU.Build.0 = Release|Any CPU
	EndGlobalSection
EndGlobal
